// !$*UTF8*$!
{
	archiveVersion = 1;
	classes = {
	};
	objectVersion = 50;
	objects = {

/* Begin PBXBuildFile section */
		FE55CAC425494E990025C1FC /* AppDelegate.swift in Sources */ = {isa = PBXBuildFile; fileRef = FE55CAC325494E990025C1FC /* AppDelegate.swift */; };
		FE55CAC625494E990025C1FC /* SceneDelegate.swift in Sources */ = {isa = PBXBuildFile; fileRef = FE55CAC525494E990025C1FC /* SceneDelegate.swift */; };
		FE55CAC825494E990025C1FC /* ViewController.swift in Sources */ = {isa = PBXBuildFile; fileRef = FE55CAC725494E990025C1FC /* ViewController.swift */; };
		FE55CACB25494E990025C1FC /* Main.storyboard in Resources */ = {isa = PBXBuildFile; fileRef = FE55CAC925494E990025C1FC /* Main.storyboard */; };
		FE55CACE25494E990025C1FC /* Stanford_iOS_11.xcdatamodeld in Sources */ = {isa = PBXBuildFile; fileRef = FE55CACC25494E990025C1FC /* Stanford_iOS_11.xcdatamodeld */; };
		FE55CAD025494E9A0025C1FC /* Assets.xcassets in Resources */ = {isa = PBXBuildFile; fileRef = FE55CACF25494E9A0025C1FC /* Assets.xcassets */; };
		FE55CAD325494E9A0025C1FC /* LaunchScreen.storyboard in Resources */ = {isa = PBXBuildFile; fileRef = FE55CAD125494E9A0025C1FC /* LaunchScreen.storyboard */; };
		FE55CADE25494E9B0025C1FC /* Stanford_iOS_11Tests.swift in Sources */ = {isa = PBXBuildFile; fileRef = FE55CADD25494E9B0025C1FC /* Stanford_iOS_11Tests.swift */; };
		FE55CAE925494E9B0025C1FC /* Stanford_iOS_11UITests.swift in Sources */ = {isa = PBXBuildFile; fileRef = FE55CAE825494E9B0025C1FC /* Stanford_iOS_11UITests.swift */; };
		FE55CAFF2549526F0025C1FC /* Swift1VC.swift in Sources */ = {isa = PBXBuildFile; fileRef = FE55CAFE2549526F0025C1FC /* Swift1VC.swift */; };
		FE55CB04254952840025C1FC /* Swift1.storyboard in Resources */ = {isa = PBXBuildFile; fileRef = FE55CB03254952840025C1FC /* Swift1.storyboard */; };
		FEC0640825528F28007C3BBD /* Swift2.storyboard in Resources */ = {isa = PBXBuildFile; fileRef = FEC0640725528F27007C3BBD /* Swift2.storyboard */; };
		FEC0640E25529014007C3BBD /* Swift2VC.swift in Sources */ = {isa = PBXBuildFile; fileRef = FEC0640D25529014007C3BBD /* Swift2VC.swift */; };
		FEC0641725529353007C3BBD /* Concentration.swift in Sources */ = {isa = PBXBuildFile; fileRef = FEC0641625529353007C3BBD /* Concentration.swift */; };
		FEC0641F255293E3007C3BBD /* Card.swift in Sources */ = {isa = PBXBuildFile; fileRef = FEC0641E255293E3007C3BBD /* Card.swift */; };
/* End PBXBuildFile section */

/* Begin PBXContainerItemProxy section */
		FE55CADA25494E9B0025C1FC /* PBXContainerItemProxy */ = {
			isa = PBXContainerItemProxy;
			containerPortal = FE55CAB825494E990025C1FC /* Project object */;
			proxyType = 1;
			remoteGlobalIDString = FE55CABF25494E990025C1FC;
			remoteInfo = Stanford_iOS_11;
		};
		FE55CAE525494E9B0025C1FC /* PBXContainerItemProxy */ = {
			isa = PBXContainerItemProxy;
			containerPortal = FE55CAB825494E990025C1FC /* Project object */;
			proxyType = 1;
			remoteGlobalIDString = FE55CABF25494E990025C1FC;
			remoteInfo = Stanford_iOS_11;
		};
/* End PBXContainerItemProxy section */

/* Begin PBXFileReference section */
		FE55CAC025494E990025C1FC /* Stanford_iOS_11.app */ = {isa = PBXFileReference; explicitFileType = wrapper.application; includeInIndex = 0; path = Stanford_iOS_11.app; sourceTree = BUILT_PRODUCTS_DIR; };
		FE55CAC325494E990025C1FC /* AppDelegate.swift */ = {isa = PBXFileReference; lastKnownFileType = sourcecode.swift; path = AppDelegate.swift; sourceTree = "<group>"; };
		FE55CAC525494E990025C1FC /* SceneDelegate.swift */ = {isa = PBXFileReference; lastKnownFileType = sourcecode.swift; path = SceneDelegate.swift; sourceTree = "<group>"; };
		FE55CAC725494E990025C1FC /* ViewController.swift */ = {isa = PBXFileReference; lastKnownFileType = sourcecode.swift; path = ViewController.swift; sourceTree = "<group>"; };
		FE55CACA25494E990025C1FC /* Base */ = {isa = PBXFileReference; lastKnownFileType = file.storyboard; name = Base; path = Base.lproj/Main.storyboard; sourceTree = "<group>"; };
		FE55CACD25494E990025C1FC /* Stanford_iOS_11.xcdatamodel */ = {isa = PBXFileReference; lastKnownFileType = wrapper.xcdatamodel; path = Stanford_iOS_11.xcdatamodel; sourceTree = "<group>"; };
		FE55CACF25494E9A0025C1FC /* Assets.xcassets */ = {isa = PBXFileReference; lastKnownFileType = folder.assetcatalog; path = Assets.xcassets; sourceTree = "<group>"; };
		FE55CAD225494E9A0025C1FC /* Base */ = {isa = PBXFileReference; lastKnownFileType = file.storyboard; name = Base; path = Base.lproj/LaunchScreen.storyboard; sourceTree = "<group>"; };
		FE55CAD425494E9A0025C1FC /* Info.plist */ = {isa = PBXFileReference; lastKnownFileType = text.plist.xml; path = Info.plist; sourceTree = "<group>"; };
		FE55CAD925494E9B0025C1FC /* Stanford_iOS_11Tests.xctest */ = {isa = PBXFileReference; explicitFileType = wrapper.cfbundle; includeInIndex = 0; path = Stanford_iOS_11Tests.xctest; sourceTree = BUILT_PRODUCTS_DIR; };
		FE55CADD25494E9B0025C1FC /* Stanford_iOS_11Tests.swift */ = {isa = PBXFileReference; lastKnownFileType = sourcecode.swift; path = Stanford_iOS_11Tests.swift; sourceTree = "<group>"; };
		FE55CADF25494E9B0025C1FC /* Info.plist */ = {isa = PBXFileReference; lastKnownFileType = text.plist.xml; path = Info.plist; sourceTree = "<group>"; };
		FE55CAE425494E9B0025C1FC /* Stanford_iOS_11UITests.xctest */ = {isa = PBXFileReference; explicitFileType = wrapper.cfbundle; includeInIndex = 0; path = Stanford_iOS_11UITests.xctest; sourceTree = BUILT_PRODUCTS_DIR; };
		FE55CAE825494E9B0025C1FC /* Stanford_iOS_11UITests.swift */ = {isa = PBXFileReference; lastKnownFileType = sourcecode.swift; path = Stanford_iOS_11UITests.swift; sourceTree = "<group>"; };
		FE55CAEA25494E9B0025C1FC /* Info.plist */ = {isa = PBXFileReference; lastKnownFileType = text.plist.xml; path = Info.plist; sourceTree = "<group>"; };
		FE55CAFE2549526F0025C1FC /* Swift1VC.swift */ = {isa = PBXFileReference; lastKnownFileType = sourcecode.swift; path = Swift1VC.swift; sourceTree = "<group>"; };
		FE55CB03254952840025C1FC /* Swift1.storyboard */ = {isa = PBXFileReference; lastKnownFileType = file.storyboard; path = Swift1.storyboard; sourceTree = "<group>"; };
		FEC0640725528F27007C3BBD /* Swift2.storyboard */ = {isa = PBXFileReference; lastKnownFileType = file.storyboard; path = Swift2.storyboard; sourceTree = "<group>"; };
		FEC0640D25529014007C3BBD /* Swift2VC.swift */ = {isa = PBXFileReference; lastKnownFileType = sourcecode.swift; path = Swift2VC.swift; sourceTree = "<group>"; };
		FEC0641625529353007C3BBD /* Concentration.swift */ = {isa = PBXFileReference; lastKnownFileType = sourcecode.swift; path = Concentration.swift; sourceTree = "<group>"; };
		FEC0641E255293E3007C3BBD /* Card.swift */ = {isa = PBXFileReference; lastKnownFileType = sourcecode.swift; path = Card.swift; sourceTree = "<group>"; };
/* End PBXFileReference section */

/* Begin PBXFrameworksBuildPhase section */
		FE55CABD25494E990025C1FC /* Frameworks */ = {
			isa = PBXFrameworksBuildPhase;
			buildActionMask = 2147483647;
			files = (
			);
			runOnlyForDeploymentPostprocessing = 0;
		};
		FE55CAD625494E9B0025C1FC /* Frameworks */ = {
			isa = PBXFrameworksBuildPhase;
			buildActionMask = 2147483647;
			files = (
			);
			runOnlyForDeploymentPostprocessing = 0;
		};
		FE55CAE125494E9B0025C1FC /* Frameworks */ = {
			isa = PBXFrameworksBuildPhase;
			buildActionMask = 2147483647;
			files = (
			);
			runOnlyForDeploymentPostprocessing = 0;
		};
/* End PBXFrameworksBuildPhase section */

/* Begin PBXGroup section */
		FE55CAB725494E990025C1FC = {
			isa = PBXGroup;
			children = (
				FE55CAC225494E990025C1FC /* Stanford_iOS_11 */,
				FE55CADC25494E9B0025C1FC /* Stanford_iOS_11Tests */,
				FE55CAE725494E9B0025C1FC /* Stanford_iOS_11UITests */,
				FE55CAC125494E990025C1FC /* Products */,
			);
			sourceTree = "<group>";
		};
		FE55CAC125494E990025C1FC /* Products */ = {
			isa = PBXGroup;
			children = (
				FE55CAC025494E990025C1FC /* Stanford_iOS_11.app */,
				FE55CAD925494E9B0025C1FC /* Stanford_iOS_11Tests.xctest */,
				FE55CAE425494E9B0025C1FC /* Stanford_iOS_11UITests.xctest */,
			);
			name = Products;
			sourceTree = "<group>";
		};
		FE55CAC225494E990025C1FC /* Stanford_iOS_11 */ = {
			isa = PBXGroup;
			children = (
				FE55CAFA254952070025C1FC /* Storyboard */,
				FE55CB08254952880025C1FC /* Swift1 */,
				FEC0640C25528FEC007C3BBD /* Swift2 */,
				FE55CAF9254951060025C1FC /* SupportingFiles */,
				FE55CAC725494E990025C1FC /* ViewController.swift */,
				FE55CAC925494E990025C1FC /* Main.storyboard */,
				FE55CAD425494E9A0025C1FC /* Info.plist */,
				FE55CACC25494E990025C1FC /* Stanford_iOS_11.xcdatamodeld */,
			);
			path = Stanford_iOS_11;
			sourceTree = "<group>";
		};
		FE55CADC25494E9B0025C1FC /* Stanford_iOS_11Tests */ = {
			isa = PBXGroup;
			children = (
				FE55CADD25494E9B0025C1FC /* Stanford_iOS_11Tests.swift */,
				FE55CADF25494E9B0025C1FC /* Info.plist */,
			);
			path = Stanford_iOS_11Tests;
			sourceTree = "<group>";
		};
		FE55CAE725494E9B0025C1FC /* Stanford_iOS_11UITests */ = {
			isa = PBXGroup;
			children = (
				FE55CAE825494E9B0025C1FC /* Stanford_iOS_11UITests.swift */,
				FE55CAEA25494E9B0025C1FC /* Info.plist */,
			);
			path = Stanford_iOS_11UITests;
			sourceTree = "<group>";
		};
		FE55CAF9254951060025C1FC /* SupportingFiles */ = {
			isa = PBXGroup;
			children = (
				FE55CAC325494E990025C1FC /* AppDelegate.swift */,
				FE55CAC525494E990025C1FC /* SceneDelegate.swift */,
				FE55CACF25494E9A0025C1FC /* Assets.xcassets */,
				FE55CAD125494E9A0025C1FC /* LaunchScreen.storyboard */,
			);
			path = SupportingFiles;
			sourceTree = "<group>";
		};
		FE55CAFA254952070025C1FC /* Storyboard */ = {
			isa = PBXGroup;
			children = (
				FE55CB03254952840025C1FC /* Swift1.storyboard */,
				FEC0640725528F27007C3BBD /* Swift2.storyboard */,
			);
			path = Storyboard;
			sourceTree = "<group>";
		};
		FE55CB08254952880025C1FC /* Swift1 */ = {
			isa = PBXGroup;
			children = (
				FE55CAFE2549526F0025C1FC /* Swift1VC.swift */,
			);
			path = Swift1;
			sourceTree = "<group>";
		};
		FEC0640C25528FEC007C3BBD /* Swift2 */ = {
			isa = PBXGroup;
			children = (
				FEC064152552932D007C3BBD /* Concentration */,
				FEC0640D25529014007C3BBD /* Swift2VC.swift */,
			);
			path = Swift2;
			sourceTree = "<group>";
		};
		FEC064152552932D007C3BBD /* Concentration */ = {
			isa = PBXGroup;
			children = (
				FEC0641625529353007C3BBD /* Concentration.swift */,
				FEC0641E255293E3007C3BBD /* Card.swift */,
			);
			path = Concentration;
			sourceTree = "<group>";
		};
/* End PBXGroup section */

/* Begin PBXNativeTarget section */
		FE55CABF25494E990025C1FC /* Stanford_iOS_11 */ = {
			isa = PBXNativeTarget;
			buildConfigurationList = FE55CAED25494E9B0025C1FC /* Build configuration list for PBXNativeTarget "Stanford_iOS_11" */;
			buildPhases = (
				FE55CABC25494E990025C1FC /* Sources */,
				FE55CABD25494E990025C1FC /* Frameworks */,
				FE55CABE25494E990025C1FC /* Resources */,
			);
			buildRules = (
			);
			dependencies = (
			);
			name = Stanford_iOS_11;
			productName = Stanford_iOS_11;
			productReference = FE55CAC025494E990025C1FC /* Stanford_iOS_11.app */;
			productType = "com.apple.product-type.application";
		};
		FE55CAD825494E9B0025C1FC /* Stanford_iOS_11Tests */ = {
			isa = PBXNativeTarget;
			buildConfigurationList = FE55CAF025494E9B0025C1FC /* Build configuration list for PBXNativeTarget "Stanford_iOS_11Tests" */;
			buildPhases = (
				FE55CAD525494E9B0025C1FC /* Sources */,
				FE55CAD625494E9B0025C1FC /* Frameworks */,
				FE55CAD725494E9B0025C1FC /* Resources */,
			);
			buildRules = (
			);
			dependencies = (
				FE55CADB25494E9B0025C1FC /* PBXTargetDependency */,
			);
			name = Stanford_iOS_11Tests;
			productName = Stanford_iOS_11Tests;
			productReference = FE55CAD925494E9B0025C1FC /* Stanford_iOS_11Tests.xctest */;
			productType = "com.apple.product-type.bundle.unit-test";
		};
		FE55CAE325494E9B0025C1FC /* Stanford_iOS_11UITests */ = {
			isa = PBXNativeTarget;
			buildConfigurationList = FE55CAF325494E9B0025C1FC /* Build configuration list for PBXNativeTarget "Stanford_iOS_11UITests" */;
			buildPhases = (
				FE55CAE025494E9B0025C1FC /* Sources */,
				FE55CAE125494E9B0025C1FC /* Frameworks */,
				FE55CAE225494E9B0025C1FC /* Resources */,
			);
			buildRules = (
			);
			dependencies = (
				FE55CAE625494E9B0025C1FC /* PBXTargetDependency */,
			);
			name = Stanford_iOS_11UITests;
			productName = Stanford_iOS_11UITests;
			productReference = FE55CAE425494E9B0025C1FC /* Stanford_iOS_11UITests.xctest */;
			productType = "com.apple.product-type.bundle.ui-testing";
		};
/* End PBXNativeTarget section */

/* Begin PBXProject section */
		FE55CAB825494E990025C1FC /* Project object */ = {
			isa = PBXProject;
			attributes = {
				LastSwiftUpdateCheck = 1200;
				LastUpgradeCheck = 1200;
				TargetAttributes = {
					FE55CABF25494E990025C1FC = {
						CreatedOnToolsVersion = 12.0;
					};
					FE55CAD825494E9B0025C1FC = {
						CreatedOnToolsVersion = 12.0;
						TestTargetID = FE55CABF25494E990025C1FC;
					};
					FE55CAE325494E9B0025C1FC = {
						CreatedOnToolsVersion = 12.0;
						TestTargetID = FE55CABF25494E990025C1FC;
					};
				};
			};
			buildConfigurationList = FE55CABB25494E990025C1FC /* Build configuration list for PBXProject "Stanford_iOS_11" */;
			compatibilityVersion = "Xcode 9.3";
			developmentRegion = en;
			hasScannedForEncodings = 0;
			knownRegions = (
				en,
				Base,
			);
			mainGroup = FE55CAB725494E990025C1FC;
			productRefGroup = FE55CAC125494E990025C1FC /* Products */;
			projectDirPath = "";
			projectRoot = "";
			targets = (
				FE55CABF25494E990025C1FC /* Stanford_iOS_11 */,
				FE55CAD825494E9B0025C1FC /* Stanford_iOS_11Tests */,
				FE55CAE325494E9B0025C1FC /* Stanford_iOS_11UITests */,
			);
		};
/* End PBXProject section */

/* Begin PBXResourcesBuildPhase section */
		FE55CABE25494E990025C1FC /* Resources */ = {
			isa = PBXResourcesBuildPhase;
			buildActionMask = 2147483647;
			files = (
				FE55CAD325494E9A0025C1FC /* LaunchScreen.storyboard in Resources */,
				FE55CAD025494E9A0025C1FC /* Assets.xcassets in Resources */,
				FEC0640825528F28007C3BBD /* Swift2.storyboard in Resources */,
				FE55CB04254952840025C1FC /* Swift1.storyboard in Resources */,
				FE55CACB25494E990025C1FC /* Main.storyboard in Resources */,
			);
			runOnlyForDeploymentPostprocessing = 0;
		};
		FE55CAD725494E9B0025C1FC /* Resources */ = {
			isa = PBXResourcesBuildPhase;
			buildActionMask = 2147483647;
			files = (
			);
			runOnlyForDeploymentPostprocessing = 0;
		};
		FE55CAE225494E9B0025C1FC /* Resources */ = {
			isa = PBXResourcesBuildPhase;
			buildActionMask = 2147483647;
			files = (
			);
			runOnlyForDeploymentPostprocessing = 0;
		};
/* End PBXResourcesBuildPhase section */

/* Begin PBXSourcesBuildPhase section */
		FE55CABC25494E990025C1FC /* Sources */ = {
			isa = PBXSourcesBuildPhase;
			buildActionMask = 2147483647;
			files = (
				FE55CACE25494E990025C1FC /* Stanford_iOS_11.xcdatamodeld in Sources */,
				FEC0641725529353007C3BBD /* Concentration.swift in Sources */,
				FEC0640E25529014007C3BBD /* Swift2VC.swift in Sources */,
				FE55CAC825494E990025C1FC /* ViewController.swift in Sources */,
				FE55CAC425494E990025C1FC /* AppDelegate.swift in Sources */,
				FE55CAFF2549526F0025C1FC /* Swift1VC.swift in Sources */,
				FE55CAC625494E990025C1FC /* SceneDelegate.swift in Sources */,
				FEC0641F255293E3007C3BBD /* Card.swift in Sources */,
			);
			runOnlyForDeploymentPostprocessing = 0;
		};
		FE55CAD525494E9B0025C1FC /* Sources */ = {
			isa = PBXSourcesBuildPhase;
			buildActionMask = 2147483647;
			files = (
				FE55CADE25494E9B0025C1FC /* Stanford_iOS_11Tests.swift in Sources */,
			);
			runOnlyForDeploymentPostprocessing = 0;
		};
		FE55CAE025494E9B0025C1FC /* Sources */ = {
			isa = PBXSourcesBuildPhase;
			buildActionMask = 2147483647;
			files = (
				FE55CAE925494E9B0025C1FC /* Stanford_iOS_11UITests.swift in Sources */,
			);
			runOnlyForDeploymentPostprocessing = 0;
		};
/* End PBXSourcesBuildPhase section */

/* Begin PBXTargetDependency section */
		FE55CADB25494E9B0025C1FC /* PBXTargetDependency */ = {
			isa = PBXTargetDependency;
			target = FE55CABF25494E990025C1FC /* Stanford_iOS_11 */;
			targetProxy = FE55CADA25494E9B0025C1FC /* PBXContainerItemProxy */;
		};
		FE55CAE625494E9B0025C1FC /* PBXTargetDependency */ = {
			isa = PBXTargetDependency;
			target = FE55CABF25494E990025C1FC /* Stanford_iOS_11 */;
			targetProxy = FE55CAE525494E9B0025C1FC /* PBXContainerItemProxy */;
		};
/* End PBXTargetDependency section */

/* Begin PBXVariantGroup section */
		FE55CAC925494E990025C1FC /* Main.storyboard */ = {
			isa = PBXVariantGroup;
			children = (
				FE55CACA25494E990025C1FC /* Base */,
			);
			name = Main.storyboard;
			sourceTree = "<group>";
		};
		FE55CAD125494E9A0025C1FC /* LaunchScreen.storyboard */ = {
			isa = PBXVariantGroup;
			children = (
				FE55CAD225494E9A0025C1FC /* Base */,
			);
			name = LaunchScreen.storyboard;
			sourceTree = "<group>";
		};
/* End PBXVariantGroup section */

/* Begin XCBuildConfiguration section */
		FE55CAEB25494E9B0025C1FC /* Debug */ = {
			isa = XCBuildConfiguration;
			buildSettings = {
				ALWAYS_SEARCH_USER_PATHS = NO;
				CLANG_ANALYZER_NONNULL = YES;
				CLANG_ANALYZER_NUMBER_OBJECT_CONVERSION = YES_AGGRESSIVE;
				CLANG_CXX_LANGUAGE_STANDARD = "gnu++14";
				CLANG_CXX_LIBRARY = "libc++";
				CLANG_ENABLE_MODULES = YES;
				CLANG_ENABLE_OBJC_ARC = YES;
				CLANG_ENABLE_OBJC_WEAK = YES;
				CLANG_WARN_BLOCK_CAPTURE_AUTORELEASING = YES;
				CLANG_WARN_BOOL_CONVERSION = YES;
				CLANG_WARN_COMMA = YES;
				CLANG_WARN_CONSTANT_CONVERSION = YES;
				CLANG_WARN_DEPRECATED_OBJC_IMPLEMENTATIONS = YES;
				CLANG_WARN_DIRECT_OBJC_ISA_USAGE = YES_ERROR;
				CLANG_WARN_DOCUMENTATION_COMMENTS = YES;
				CLANG_WARN_EMPTY_BODY = YES;
				CLANG_WARN_ENUM_CONVERSION = YES;
				CLANG_WARN_INFINITE_RECURSION = YES;
				CLANG_WARN_INT_CONVERSION = YES;
				CLANG_WARN_NON_LITERAL_NULL_CONVERSION = YES;
				CLANG_WARN_OBJC_IMPLICIT_RETAIN_SELF = YES;
				CLANG_WARN_OBJC_LITERAL_CONVERSION = YES;
				CLANG_WARN_OBJC_ROOT_CLASS = YES_ERROR;
				CLANG_WARN_QUOTED_INCLUDE_IN_FRAMEWORK_HEADER = YES;
				CLANG_WARN_RANGE_LOOP_ANALYSIS = YES;
				CLANG_WARN_STRICT_PROTOTYPES = YES;
				CLANG_WARN_SUSPICIOUS_MOVE = YES;
				CLANG_WARN_UNGUARDED_AVAILABILITY = YES_AGGRESSIVE;
				CLANG_WARN_UNREACHABLE_CODE = YES;
				CLANG_WARN__DUPLICATE_METHOD_MATCH = YES;
				COPY_PHASE_STRIP = NO;
				DEBUG_INFORMATION_FORMAT = dwarf;
				ENABLE_STRICT_OBJC_MSGSEND = YES;
				ENABLE_TESTABILITY = YES;
				GCC_C_LANGUAGE_STANDARD = gnu11;
				GCC_DYNAMIC_NO_PIC = NO;
				GCC_NO_COMMON_BLOCKS = YES;
				GCC_OPTIMIZATION_LEVEL = 0;
				GCC_PREPROCESSOR_DEFINITIONS = (
					"DEBUG=1",
					"$(inherited)",
				);
				GCC_WARN_64_TO_32_BIT_CONVERSION = YES;
				GCC_WARN_ABOUT_RETURN_TYPE = YES_ERROR;
				GCC_WARN_UNDECLARED_SELECTOR = YES;
				GCC_WARN_UNINITIALIZED_AUTOS = YES_AGGRESSIVE;
				GCC_WARN_UNUSED_FUNCTION = YES;
				GCC_WARN_UNUSED_VARIABLE = YES;
				IPHONEOS_DEPLOYMENT_TARGET = 13.5;
				MTL_ENABLE_DEBUG_INFO = INCLUDE_SOURCE;
				MTL_FAST_MATH = YES;
				ONLY_ACTIVE_ARCH = YES;
				SDKROOT = iphoneos;
				SWIFT_ACTIVE_COMPILATION_CONDITIONS = DEBUG;
				SWIFT_OPTIMIZATION_LEVEL = "-Onone";
			};
			name = Debug;
		};
		FE55CAEC25494E9B0025C1FC /* Release */ = {
			isa = XCBuildConfiguration;
			buildSettings = {
				ALWAYS_SEARCH_USER_PATHS = NO;
				CLANG_ANALYZER_NONNULL = YES;
				CLANG_ANALYZER_NUMBER_OBJECT_CONVERSION = YES_AGGRESSIVE;
				CLANG_CXX_LANGUAGE_STANDARD = "gnu++14";
				CLANG_CXX_LIBRARY = "libc++";
				CLANG_ENABLE_MODULES = YES;
				CLANG_ENABLE_OBJC_ARC = YES;
				CLANG_ENABLE_OBJC_WEAK = YES;
				CLANG_WARN_BLOCK_CAPTURE_AUTORELEASING = YES;
				CLANG_WARN_BOOL_CONVERSION = YES;
				CLANG_WARN_COMMA = YES;
				CLANG_WARN_CONSTANT_CONVERSION = YES;
				CLANG_WARN_DEPRECATED_OBJC_IMPLEMENTATIONS = YES;
				CLANG_WARN_DIRECT_OBJC_ISA_USAGE = YES_ERROR;
				CLANG_WARN_DOCUMENTATION_COMMENTS = YES;
				CLANG_WARN_EMPTY_BODY = YES;
				CLANG_WARN_ENUM_CONVERSION = YES;
				CLANG_WARN_INFINITE_RECURSION = YES;
				CLANG_WARN_INT_CONVERSION = YES;
				CLANG_WARN_NON_LITERAL_NULL_CONVERSION = YES;
				CLANG_WARN_OBJC_IMPLICIT_RETAIN_SELF = YES;
				CLANG_WARN_OBJC_LITERAL_CONVERSION = YES;
				CLANG_WARN_OBJC_ROOT_CLASS = YES_ERROR;
				CLANG_WARN_QUOTED_INCLUDE_IN_FRAMEWORK_HEADER = YES;
				CLANG_WARN_RANGE_LOOP_ANALYSIS = YES;
				CLANG_WARN_STRICT_PROTOTYPES = YES;
				CLANG_WARN_SUSPICIOUS_MOVE = YES;
				CLANG_WARN_UNGUARDED_AVAILABILITY = YES_AGGRESSIVE;
				CLANG_WARN_UNREACHABLE_CODE = YES;
				CLANG_WARN__DUPLICATE_METHOD_MATCH = YES;
				COPY_PHASE_STRIP = NO;
				DEBUG_INFORMATION_FORMAT = "dwarf-with-dsym";
				ENABLE_NS_ASSERTIONS = NO;
				ENABLE_STRICT_OBJC_MSGSEND = YES;
				GCC_C_LANGUAGE_STANDARD = gnu11;
				GCC_NO_COMMON_BLOCKS = YES;
				GCC_WARN_64_TO_32_BIT_CONVERSION = YES;
				GCC_WARN_ABOUT_RETURN_TYPE = YES_ERROR;
				GCC_WARN_UNDECLARED_SELECTOR = YES;
				GCC_WARN_UNINITIALIZED_AUTOS = YES_AGGRESSIVE;
				GCC_WARN_UNUSED_FUNCTION = YES;
				GCC_WARN_UNUSED_VARIABLE = YES;
				IPHONEOS_DEPLOYMENT_TARGET = 13.5;
				MTL_ENABLE_DEBUG_INFO = NO;
				MTL_FAST_MATH = YES;
				SDKROOT = iphoneos;
				SWIFT_COMPILATION_MODE = wholemodule;
				SWIFT_OPTIMIZATION_LEVEL = "-O";
				VALIDATE_PRODUCT = YES;
			};
			name = Release;
		};
		FE55CAEE25494E9B0025C1FC /* Debug */ = {
			isa = XCBuildConfiguration;
			buildSettings = {
				ASSETCATALOG_COMPILER_APPICON_NAME = AppIcon;
				ASSETCATALOG_COMPILER_GLOBAL_ACCENT_COLOR_NAME = AccentColor;
				CODE_SIGN_IDENTITY = "Apple Development";
				CODE_SIGN_STYLE = Automatic;
				DEVELOPMENT_TEAM = 9U8PYJFN94;
				INFOPLIST_FILE = Stanford_iOS_11/Info.plist;
				LD_RUNPATH_SEARCH_PATHS = (
					"$(inherited)",
					"@executable_path/Frameworks",
				);
				PRODUCT_BUNDLE_IDENTIFIER = "somsak.Stanford-iOS-11";
				PRODUCT_NAME = "$(TARGET_NAME)";
				PROVISIONING_PROFILE_SPECIFIER = "";
				SWIFT_VERSION = 5.0;
				TARGETED_DEVICE_FAMILY = "1,2";
			};
			name = Debug;
		};
		FE55CAEF25494E9B0025C1FC /* Release */ = {
			isa = XCBuildConfiguration;
			buildSettings = {
				ASSETCATALOG_COMPILER_APPICON_NAME = AppIcon;
				ASSETCATALOG_COMPILER_GLOBAL_ACCENT_COLOR_NAME = AccentColor;
				CODE_SIGN_IDENTITY = "Apple Development";
				CODE_SIGN_STYLE = Automatic;
				DEVELOPMENT_TEAM = 9U8PYJFN94;
				INFOPLIST_FILE = Stanford_iOS_11/Info.plist;
				LD_RUNPATH_SEARCH_PATHS = (
					"$(inherited)",
					"@executable_path/Frameworks",
				);
				PRODUCT_BUNDLE_IDENTIFIER = "somsak.Stanford-iOS-11";
				PRODUCT_NAME = "$(TARGET_NAME)";
				PROVISIONING_PROFILE_SPECIFIER = "";
				SWIFT_VERSION = 5.0;
				TARGETED_DEVICE_FAMILY = "1,2";
			};
			name = Release;
		};
		FE55CAF125494E9B0025C1FC /* Debug */ = {
			isa = XCBuildConfiguration;
			buildSettings = {
				ALWAYS_EMBED_SWIFT_STANDARD_LIBRARIES = YES;
				BUNDLE_LOADER = "$(TEST_HOST)";
				CODE_SIGN_STYLE = Automatic;
				DEVELOPMENT_TEAM = 9U8PYJFN94;
				INFOPLIST_FILE = Stanford_iOS_11Tests/Info.plist;
				IPHONEOS_DEPLOYMENT_TARGET = 14.0;
				LD_RUNPATH_SEARCH_PATHS = (
					"$(inherited)",
					"@executable_path/Frameworks",
					"@loader_path/Frameworks",
				);
				PRODUCT_BUNDLE_IDENTIFIER = "somsak.Stanford-iOS-11Tests";
				PRODUCT_NAME = "$(TARGET_NAME)";
				SWIFT_VERSION = 5.0;
				TARGETED_DEVICE_FAMILY = "1,2";
				TEST_HOST = "$(BUILT_PRODUCTS_DIR)/Stanford_iOS_11.app/Stanford_iOS_11";
			};
			name = Debug;
		};
		FE55CAF225494E9B0025C1FC /* Release */ = {
			isa = XCBuildConfiguration;
			buildSettings = {
				ALWAYS_EMBED_SWIFT_STANDARD_LIBRARIES = YES;
				BUNDLE_LOADER = "$(TEST_HOST)";
				CODE_SIGN_STYLE = Automatic;
				DEVELOPMENT_TEAM = 9U8PYJFN94;
				INFOPLIST_FILE = Stanford_iOS_11Tests/Info.plist;
				IPHONEOS_DEPLOYMENT_TARGET = 14.0;
				LD_RUNPATH_SEARCH_PATHS = (
					"$(inherited)",
					"@executable_path/Frameworks",
					"@loader_path/Frameworks",
				);
				PRODUCT_BUNDLE_IDENTIFIER = "somsak.Stanford-iOS-11Tests";
				PRODUCT_NAME = "$(TARGET_NAME)";
				SWIFT_VERSION = 5.0;
				TARGETED_DEVICE_FAMILY = "1,2";
				TEST_HOST = "$(BUILT_PRODUCTS_DIR)/Stanford_iOS_11.app/Stanford_iOS_11";
			};
			name = Release;
		};
		FE55CAF425494E9B0025C1FC /* Debug */ = {
			isa = XCBuildConfiguration;
			buildSettings = {
				ALWAYS_EMBED_SWIFT_STANDARD_LIBRARIES = YES;
				CODE_SIGN_STYLE = Automatic;
				DEVELOPMENT_TEAM = 9U8PYJFN94;
				INFOPLIST_FILE = Stanford_iOS_11UITests/Info.plist;
				LD_RUNPATH_SEARCH_PATHS = (
					"$(inherited)",
					"@executable_path/Frameworks",
					"@loader_path/Frameworks",
				);
				PRODUCT_BUNDLE_IDENTIFIER = "somsak.Stanford-iOS-11UITests";
				PRODUCT_NAME = "$(TARGET_NAME)";
				SWIFT_VERSION = 5.0;
				TARGETED_DEVICE_FAMILY = "1,2";
				TEST_TARGET_NAME = Stanford_iOS_11;
			};
			name = Debug;
		};
		FE55CAF525494E9B0025C1FC /* Release */ = {
			isa = XCBuildConfiguration;
			buildSettings = {
				ALWAYS_EMBED_SWIFT_STANDARD_LIBRARIES = YES;
				CODE_SIGN_STYLE = Automatic;
				DEVELOPMENT_TEAM = 9U8PYJFN94;
				INFOPLIST_FILE = Stanford_iOS_11UITests/Info.plist;
				LD_RUNPATH_SEARCH_PATHS = (
					"$(inherited)",
					"@executable_path/Frameworks",
					"@loader_path/Frameworks",
				);
				PRODUCT_BUNDLE_IDENTIFIER = "somsak.Stanford-iOS-11UITests";
				PRODUCT_NAME = "$(TARGET_NAME)";
				SWIFT_VERSION = 5.0;
				TARGETED_DEVICE_FAMILY = "1,2";
				TEST_TARGET_NAME = Stanford_iOS_11;
			};
			name = Release;
		};
/* End XCBuildConfiguration section */

/* Begin XCConfigurationList section */
		FE55CABB25494E990025C1FC /* Build configuration list for PBXProject "Stanford_iOS_11" */ = {
			isa = XCConfigurationList;
			buildConfigurations = (
				FE55CAEB25494E9B0025C1FC /* Debug */,
				FE55CAEC25494E9B0025C1FC /* Release */,
			);
			defaultConfigurationIsVisible = 0;
			defaultConfigurationName = Release;
		};
		FE55CAED25494E9B0025C1FC /* Build configuration list for PBXNativeTarget "Stanford_iOS_11" */ = {
			isa = XCConfigurationList;
			buildConfigurations = (
				FE55CAEE25494E9B0025C1FC /* Debug */,
				FE55CAEF25494E9B0025C1FC /* Release */,
			);
			defaultConfigurationIsVisible = 0;
			defaultConfigurationName = Release;
		};
		FE55CAF025494E9B0025C1FC /* Build configuration list for PBXNativeTarget "Stanford_iOS_11Tests" */ = {
			isa = XCConfigurationList;
			buildConfigurations = (
				FE55CAF125494E9B0025C1FC /* Debug */,
				FE55CAF225494E9B0025C1FC /* Release */,
			);
			defaultConfigurationIsVisible = 0;
			defaultConfigurationName = Release;
		};
		FE55CAF325494E9B0025C1FC /* Build configuration list for PBXNativeTarget "Stanford_iOS_11UITests" */ = {
			isa = XCConfigurationList;
			buildConfigurations = (
				FE55CAF425494E9B0025C1FC /* Debug */,
				FE55CAF525494E9B0025C1FC /* Release */,
			);
			defaultConfigurationIsVisible = 0;
			defaultConfigurationName = Release;
		};
/* End XCConfigurationList section */

/* Begin XCVersionGroup section */
		FE55CACC25494E990025C1FC /* Stanford_iOS_11.xcdatamodeld */ = {
			isa = XCVersionGroup;
			children = (
				FE55CACD25494E990025C1FC /* Stanford_iOS_11.xcdatamodel */,
			);
			currentVersion = FE55CACD25494E990025C1FC /* Stanford_iOS_11.xcdatamodel */;
			path = Stanford_iOS_11.xcdatamodeld;
			sourceTree = "<group>";
			versionGroupType = wrapper.xcdatamodel;
		};
/* End XCVersionGroup section */
	};
	rootObject = FE55CAB825494E990025C1FC /* Project object */;
}
